
Microsoft Visual Studio Solution File, Format Version 12.00
# Visual Studio Version 16
VisualStudioVersion = 25.0.1706.7
MinimumVisualStudioVersion = 10.0.40219.1
Project("{FAE04EC0-301F-11D3-BF4B-00C04F79EFBC}") = "MVC_JavaScript_Demo_7", "MVC_JavaScript_Demo_7\MVC_JavaScript_Demo_7.csproj", "{1D0E6F8C-04B2-4D8E-9E2E-22A9BCACF57F}"
EndProject
Global
	GlobalSection(SolutionConfigurationPlatforms) = preSolution
		Debug|Any CPU = Debug|Any CPU
		Release|Any CPU = Release|Any CPU
	EndGlobalSection
	GlobalSection(ProjectConfigurationPlatforms) = postSolution
		{1D0E6F8C-04B2-4D8E-9E2E-22A9BCACF57F}.Debug|Any CPU.ActiveCfg = Debug|Any CPU
		{1D0E6F8C-04B2-4D8E-9E2E-22A9BCACF57F}.Debug|Any CPU.Build.0 = Debug|Any CPU
		{1D0E6F8C-04B2-4D8E-9E2E-22A9BCACF57F}.Release|Any CPU.ActiveCfg = Release|Any CPU
		{1D0E6F8C-04B2-4D8E-9E2E-22A9BCACF57F}.Release|Any CPU.Build.0 = Release|Any CPU
	EndGlobalSection
	GlobalSection(SolutionProperties) = preSolution
		HideSolutionNode = FALSE
	EndGlobalSection
	GlobalSection(ExtensibilityGlobals) = postSolution
		SolutionGuid = {A256D8D1-AE6B-4A86-8A11-B0BB2249ACAB}
	EndGlobalSection
EndGlobal
